
Microsoft Visual Studio Solution File, Format Version 12.00
# Visual Studio Version 17
VisualStudioVersion = 17.0.31903.59
MinimumVisualStudioVersion = 10.0.40219.1
Project("{FAE04EC0-301F-11D3-BF4B-00C04F79EFBC}") = "StakeholdersService", "StakeholdersService\StakeholdersService.csproj", "{02ECE421-6044-4B40-A045-EC1E58A08793}"
EndProject
Project("{FAE04EC0-301F-11D3-BF4B-00C04F79EFBC}") = "BlogService", "BlogService\BlogService.csproj", "{7788113B-B1CA-4441-B397-F8B57FD3DDE5}"
EndProject
Global
	GlobalSection(SolutionConfigurationPlatforms) = preSolution
		Debug|Any CPU = Debug|Any CPU
		Debug|x64 = Debug|x64
		Debug|x86 = Debug|x86
		Release|Any CPU = Release|Any CPU
		Release|x64 = Release|x64
		Release|x86 = Release|x86
	EndGlobalSection
	GlobalSection(ProjectConfigurationPlatforms) = postSolution
		{02ECE421-6044-4B40-A045-EC1E58A08793}.Debug|Any CPU.ActiveCfg = Debug|Any CPU
		{02ECE421-6044-4B40-A045-EC1E58A08793}.Debug|Any CPU.Build.0 = Debug|Any CPU
		{02ECE421-6044-4B40-A045-EC1E58A08793}.Debug|x64.ActiveCfg = Debug|Any CPU
		{02ECE421-6044-4B40-A045-EC1E58A08793}.Debug|x64.Build.0 = Debug|Any CPU
		{02ECE421-6044-4B40-A045-EC1E58A08793}.Debug|x86.ActiveCfg = Debug|Any CPU
		{02ECE421-6044-4B40-A045-EC1E58A08793}.Debug|x86.Build.0 = Debug|Any CPU
		{02ECE421-6044-4B40-A045-EC1E58A08793}.Release|Any CPU.ActiveCfg = Release|Any CPU
		{02ECE421-6044-4B40-A045-EC1E58A08793}.Release|Any CPU.Build.0 = Release|Any CPU
		{02ECE421-6044-4B40-A045-EC1E58A08793}.Release|x64.ActiveCfg = Release|Any CPU
		{02ECE421-6044-4B40-A045-EC1E58A08793}.Release|x64.Build.0 = Release|Any CPU
		{02ECE421-6044-4B40-A045-EC1E58A08793}.Release|x86.ActiveCfg = Release|Any CPU
		{02ECE421-6044-4B40-A045-EC1E58A08793}.Release|x86.Build.0 = Release|Any CPU
		{7788113B-B1CA-4441-B397-F8B57FD3DDE5}.Debug|Any CPU.ActiveCfg = Debug|Any CPU
		{7788113B-B1CA-4441-B397-F8B57FD3DDE5}.Debug|Any CPU.Build.0 = Debug|Any CPU
		{7788113B-B1CA-4441-B397-F8B57FD3DDE5}.Debug|x64.ActiveCfg = Debug|Any CPU
		{7788113B-B1CA-4441-B397-F8B57FD3DDE5}.Debug|x64.Build.0 = Debug|Any CPU
		{7788113B-B1CA-4441-B397-F8B57FD3DDE5}.Debug|x86.ActiveCfg = Debug|Any CPU
		{7788113B-B1CA-4441-B397-F8B57FD3DDE5}.Debug|x86.Build.0 = Debug|Any CPU
		{7788113B-B1CA-4441-B397-F8B57FD3DDE5}.Release|Any CPU.ActiveCfg = Release|Any CPU
		{7788113B-B1CA-4441-B397-F8B57FD3DDE5}.Release|Any CPU.Build.0 = Release|Any CPU
		{7788113B-B1CA-4441-B397-F8B57FD3DDE5}.Release|x64.ActiveCfg = Release|Any CPU
		{7788113B-B1CA-4441-B397-F8B57FD3DDE5}.Release|x64.Build.0 = Release|Any CPU
		{7788113B-B1CA-4441-B397-F8B57FD3DDE5}.Release|x86.ActiveCfg = Release|Any CPU
		{7788113B-B1CA-4441-B397-F8B57FD3DDE5}.Release|x86.Build.0 = Release|Any CPU
	EndGlobalSection
	GlobalSection(SolutionProperties) = preSolution
		HideSolutionNode = FALSE
	EndGlobalSection
EndGlobal
